
Microsoft Visual Studio Solution File, Format Version 12.00
# Visual Studio Version 16
VisualStudioVersion = 16.0.29911.84
MinimumVisualStudioVersion = 10.0.40219.1
Project("{8BC9CEB8-8B4A-11D0-8D11-00A0C91BC942}") = "Monopoly Auberge", "Monopoly Auberge.vcxproj", "{7BC1807B-F432-43F2-B6D8-7AAC6266E86B}"
EndProject
Project("{8BC9CEB8-8B4A-11D0-8D11-00A0C91BC942}") = "Far West", "..\Far West\Far West.vcxproj", "{2745AE3F-853B-4CDF-AEB7-CD54C227A567}"
EndProject
Global
	GlobalSection(SolutionConfigurationPlatforms) = preSolution
		Debug|x64 = Debug|x64
		Debug|x86 = Debug|x86
		Release|x64 = Release|x64
		Release|x86 = Release|x86
	EndGlobalSection
	GlobalSection(ProjectConfigurationPlatforms) = postSolution
		{7BC1807B-F432-43F2-B6D8-7AAC6266E86B}.Debug|x64.ActiveCfg = Debug|x64
		{7BC1807B-F432-43F2-B6D8-7AAC6266E86B}.Debug|x64.Build.0 = Debug|x64
		{7BC1807B-F432-43F2-B6D8-7AAC6266E86B}.Debug|x86.ActiveCfg = Debug|Win32
		{7BC1807B-F432-43F2-B6D8-7AAC6266E86B}.Debug|x86.Build.0 = Debug|Win32
		{7BC1807B-F432-43F2-B6D8-7AAC6266E86B}.Release|x64.ActiveCfg = Release|x64
		{7BC1807B-F432-43F2-B6D8-7AAC6266E86B}.Release|x64.Build.0 = Release|x64
		{7BC1807B-F432-43F2-B6D8-7AAC6266E86B}.Release|x86.ActiveCfg = Release|Win32
		{7BC1807B-F432-43F2-B6D8-7AAC6266E86B}.Release|x86.Build.0 = Release|Win32
		{2745AE3F-853B-4CDF-AEB7-CD54C227A567}.Debug|x64.ActiveCfg = Debug|x64
		{2745AE3F-853B-4CDF-AEB7-CD54C227A567}.Debug|x64.Build.0 = Debug|x64
		{2745AE3F-853B-4CDF-AEB7-CD54C227A567}.Debug|x86.ActiveCfg = Debug|Win32
		{2745AE3F-853B-4CDF-AEB7-CD54C227A567}.Debug|x86.Build.0 = Debug|Win32
		{2745AE3F-853B-4CDF-AEB7-CD54C227A567}.Release|x64.ActiveCfg = Release|x64
		{2745AE3F-853B-4CDF-AEB7-CD54C227A567}.Release|x64.Build.0 = Release|x64
		{2745AE3F-853B-4CDF-AEB7-CD54C227A567}.Release|x86.ActiveCfg = Release|Win32
		{2745AE3F-853B-4CDF-AEB7-CD54C227A567}.Release|x86.Build.0 = Release|Win32
	EndGlobalSection
	GlobalSection(SolutionProperties) = preSolution
		HideSolutionNode = FALSE
	EndGlobalSection
	GlobalSection(ExtensibilityGlobals) = postSolution
		SolutionGuid = {EABDE464-2769-4C10-A78B-B7DCE481DE95}
	EndGlobalSection
EndGlobal
